// !$*UTF8*$!
{
	archiveVersion = 1;
	classes = {
	};
	objectVersion = 46;
	objects = {

/* Begin PBXBuildFile section */
		1019423F7AEC3723A33834F5 /* Pods_MVVMTests.framework in Frameworks */ = {isa = PBXBuildFile; fileRef = 05D055BDB2640E9B8114F687 /* Pods_MVVMTests.framework */; };
		1B29E347F03D7AEC238B61BD /* Pods_MVVMUITests.framework in Frameworks */ = {isa = PBXBuildFile; fileRef = 0042873D9984449EC780ECEA /* Pods_MVVMUITests.framework */; };
		25C7C4301CD674A700791035 /* AppDelegate.swift in Sources */ = {isa = PBXBuildFile; fileRef = 25C7C42F1CD674A700791035 /* AppDelegate.swift */; };
		25C7C4351CD674A700791035 /* Main.storyboard in Resources */ = {isa = PBXBuildFile; fileRef = 25C7C4331CD674A700791035 /* Main.storyboard */; };
		25C7C4371CD674A700791035 /* Assets.xcassets in Resources */ = {isa = PBXBuildFile; fileRef = 25C7C4361CD674A700791035 /* Assets.xcassets */; };
		25C7C43A1CD674A700791035 /* LaunchScreen.storyboard in Resources */ = {isa = PBXBuildFile; fileRef = 25C7C4381CD674A700791035 /* LaunchScreen.storyboard */; };
		25C7C4451CD674A700791035 /* MVVMTests.swift in Sources */ = {isa = PBXBuildFile; fileRef = 25C7C4441CD674A700791035 /* MVVMTests.swift */; };
		25C7C4501CD674A700791035 /* MVVMUITests.swift in Sources */ = {isa = PBXBuildFile; fileRef = 25C7C44F1CD674A700791035 /* MVVMUITests.swift */; };
		25C7C45E1CD674C600791035 /* Car.swift in Sources */ = {isa = PBXBuildFile; fileRef = 25C7C45D1CD674C600791035 /* Car.swift */; };
		25C7C45F1CD674C600791035 /* Car.swift in Sources */ = {isa = PBXBuildFile; fileRef = 25C7C45D1CD674C600791035 /* Car.swift */; };
		25C7C4601CD674C600791035 /* Car.swift in Sources */ = {isa = PBXBuildFile; fileRef = 25C7C45D1CD674C600791035 /* Car.swift */; };
		25C7C4621CD67BD500791035 /* TableViewController.swift in Sources */ = {isa = PBXBuildFile; fileRef = 25C7C4611CD67BD500791035 /* TableViewController.swift */; };
		25C7C4631CD67BD500791035 /* TableViewController.swift in Sources */ = {isa = PBXBuildFile; fileRef = 25C7C4611CD67BD500791035 /* TableViewController.swift */; };
		25C7C4641CD67BD500791035 /* TableViewController.swift in Sources */ = {isa = PBXBuildFile; fileRef = 25C7C4611CD67BD500791035 /* TableViewController.swift */; };
		25C7C4661CD73C7D00791035 /* AppDelegate.swift in Sources */ = {isa = PBXBuildFile; fileRef = 25C7C42F1CD674A700791035 /* AppDelegate.swift */; };
		25C7C4671CD73C8500791035 /* AppDelegate.swift in Sources */ = {isa = PBXBuildFile; fileRef = 25C7C42F1CD674A700791035 /* AppDelegate.swift */; };
		657948D533E1310D0E63CFB6 /* Pods_MVVM.framework in Frameworks */ = {isa = PBXBuildFile; fileRef = BFE3A477FA7B5B90D490CCB5 /* Pods_MVVM.framework */; };
/* End PBXBuildFile section */

/* Begin PBXContainerItemProxy section */
		25C7C4411CD674A700791035 /* PBXContainerItemProxy */ = {
			isa = PBXContainerItemProxy;
			containerPortal = 25C7C4241CD674A700791035 /* Project object */;
			proxyType = 1;
			remoteGlobalIDString = 25C7C42B1CD674A700791035;
			remoteInfo = MVVM;
		};
		25C7C44C1CD674A700791035 /* PBXContainerItemProxy */ = {
			isa = PBXContainerItemProxy;
			containerPortal = 25C7C4241CD674A700791035 /* Project object */;
			proxyType = 1;
			remoteGlobalIDString = 25C7C42B1CD674A700791035;
			remoteInfo = MVVM;
		};
/* End PBXContainerItemProxy section */

/* Begin PBXFileReference section */
		0042873D9984449EC780ECEA /* Pods_MVVMUITests.framework */ = {isa = PBXFileReference; explicitFileType = wrapper.framework; includeInIndex = 0; path = Pods_MVVMUITests.framework; sourceTree = BUILT_PRODUCTS_DIR; };
		05D055BDB2640E9B8114F687 /* Pods_MVVMTests.framework */ = {isa = PBXFileReference; explicitFileType = wrapper.framework; includeInIndex = 0; path = Pods_MVVMTests.framework; sourceTree = BUILT_PRODUCTS_DIR; };
		25C7C42C1CD674A700791035 /* MVVM.app */ = {isa = PBXFileReference; explicitFileType = wrapper.application; includeInIndex = 0; path = MVVM.app; sourceTree = BUILT_PRODUCTS_DIR; };
		25C7C42F1CD674A700791035 /* AppDelegate.swift */ = {isa = PBXFileReference; lastKnownFileType = sourcecode.swift; path = AppDelegate.swift; sourceTree = "<group>"; };
		25C7C4341CD674A700791035 /* Base */ = {isa = PBXFileReference; lastKnownFileType = file.storyboard; name = Base; path = Base.lproj/Main.storyboard; sourceTree = "<group>"; };
		25C7C4361CD674A700791035 /* Assets.xcassets */ = {isa = PBXFileReference; lastKnownFileType = folder.assetcatalog; path = Assets.xcassets; sourceTree = "<group>"; };
		25C7C4391CD674A700791035 /* Base */ = {isa = PBXFileReference; lastKnownFileType = file.storyboard; name = Base; path = Base.lproj/LaunchScreen.storyboard; sourceTree = "<group>"; };
		25C7C43B1CD674A700791035 /* Info.plist */ = {isa = PBXFileReference; lastKnownFileType = text.plist.xml; path = Info.plist; sourceTree = "<group>"; };
		25C7C4401CD674A700791035 /* MVVMTests.xctest */ = {isa = PBXFileReference; explicitFileType = wrapper.cfbundle; includeInIndex = 0; path = MVVMTests.xctest; sourceTree = BUILT_PRODUCTS_DIR; };
		25C7C4441CD674A700791035 /* MVVMTests.swift */ = {isa = PBXFileReference; lastKnownFileType = sourcecode.swift; path = MVVMTests.swift; sourceTree = "<group>"; };
		25C7C4461CD674A700791035 /* Info.plist */ = {isa = PBXFileReference; lastKnownFileType = text.plist.xml; path = Info.plist; sourceTree = "<group>"; };
		25C7C44B1CD674A700791035 /* MVVMUITests.xctest */ = {isa = PBXFileReference; explicitFileType = wrapper.cfbundle; includeInIndex = 0; path = MVVMUITests.xctest; sourceTree = BUILT_PRODUCTS_DIR; };
		25C7C44F1CD674A700791035 /* MVVMUITests.swift */ = {isa = PBXFileReference; lastKnownFileType = sourcecode.swift; path = MVVMUITests.swift; sourceTree = "<group>"; };
		25C7C4511CD674A700791035 /* Info.plist */ = {isa = PBXFileReference; lastKnownFileType = text.plist.xml; path = Info.plist; sourceTree = "<group>"; };
		25C7C45D1CD674C600791035 /* Car.swift */ = {isa = PBXFileReference; fileEncoding = 4; lastKnownFileType = sourcecode.swift; path = Car.swift; sourceTree = "<group>"; };
		25C7C4611CD67BD500791035 /* TableViewController.swift */ = {isa = PBXFileReference; fileEncoding = 4; lastKnownFileType = sourcecode.swift; path = TableViewController.swift; sourceTree = "<group>"; };
		3DD15DB113EED08841DE12DA /* Pods-MVVMUITests.debug.xcconfig */ = {isa = PBXFileReference; includeInIndex = 1; lastKnownFileType = text.xcconfig; name = "Pods-MVVMUITests.debug.xcconfig"; path = "Pods/Target Support Files/Pods-MVVMUITests/Pods-MVVMUITests.debug.xcconfig"; sourceTree = "<group>"; };
		5C7EF583A988943B6C1B342E /* Pods-MVVMTests.release.xcconfig */ = {isa = PBXFileReference; includeInIndex = 1; lastKnownFileType = text.xcconfig; name = "Pods-MVVMTests.release.xcconfig"; path = "Pods/Target Support Files/Pods-MVVMTests/Pods-MVVMTests.release.xcconfig"; sourceTree = "<group>"; };
		62E8F545974C3E929DE0C30D /* Pods-MVVMTests.debug.xcconfig */ = {isa = PBXFileReference; includeInIndex = 1; lastKnownFileType = text.xcconfig; name = "Pods-MVVMTests.debug.xcconfig"; path = "Pods/Target Support Files/Pods-MVVMTests/Pods-MVVMTests.debug.xcconfig"; sourceTree = "<group>"; };
		A4580FA2F77ABFCEAB9AA7B6 /* Pods-MVVMUITests.release.xcconfig */ = {isa = PBXFileReference; includeInIndex = 1; lastKnownFileType = text.xcconfig; name = "Pods-MVVMUITests.release.xcconfig"; path = "Pods/Target Support Files/Pods-MVVMUITests/Pods-MVVMUITests.release.xcconfig"; sourceTree = "<group>"; };
		BC757942F7CF9D3359F4718D /* Pods-MVVM.debug.xcconfig */ = {isa = PBXFileReference; includeInIndex = 1; lastKnownFileType = text.xcconfig; name = "Pods-MVVM.debug.xcconfig"; path = "Pods/Target Support Files/Pods-MVVM/Pods-MVVM.debug.xcconfig"; sourceTree = "<group>"; };
		BFE3A477FA7B5B90D490CCB5 /* Pods_MVVM.framework */ = {isa = PBXFileReference; explicitFileType = wrapper.framework; includeInIndex = 0; path = Pods_MVVM.framework; sourceTree = BUILT_PRODUCTS_DIR; };
		D4B62F42ABEEE3FBDC8DA672 /* Pods-MVVM.release.xcconfig */ = {isa = PBXFileReference; includeInIndex = 1; lastKnownFileType = text.xcconfig; name = "Pods-MVVM.release.xcconfig"; path = "Pods/Target Support Files/Pods-MVVM/Pods-MVVM.release.xcconfig"; sourceTree = "<group>"; };
/* End PBXFileReference section */

/* Begin PBXFrameworksBuildPhase section */
		25C7C4291CD674A700791035 /* Frameworks */ = {
			isa = PBXFrameworksBuildPhase;
			buildActionMask = 2147483647;
			files = (
				657948D533E1310D0E63CFB6 /* Pods_MVVM.framework in Frameworks */,
			);
			runOnlyForDeploymentPostprocessing = 0;
		};
		25C7C43D1CD674A700791035 /* Frameworks */ = {
			isa = PBXFrameworksBuildPhase;
			buildActionMask = 2147483647;
			files = (
				1019423F7AEC3723A33834F5 /* Pods_MVVMTests.framework in Frameworks */,
			);
			runOnlyForDeploymentPostprocessing = 0;
		};
		25C7C4481CD674A700791035 /* Frameworks */ = {
			isa = PBXFrameworksBuildPhase;
			buildActionMask = 2147483647;
			files = (
				1B29E347F03D7AEC238B61BD /* Pods_MVVMUITests.framework in Frameworks */,
			);
			runOnlyForDeploymentPostprocessing = 0;
		};
/* End PBXFrameworksBuildPhase section */

/* Begin PBXGroup section */
		25C7C4231CD674A700791035 = {
			isa = PBXGroup;
			children = (
				25C7C42E1CD674A700791035 /* MVVM */,
				25C7C4431CD674A700791035 /* MVVMTests */,
				25C7C44E1CD674A700791035 /* MVVMUITests */,
				25C7C42D1CD674A700791035 /* Products */,
				80E8C23477A6AC80EA9CAC21 /* Pods */,
				262FE544331189ED6757E0B5 /* Frameworks */,
			);
			sourceTree = "<group>";
		};
		25C7C42D1CD674A700791035 /* Products */ = {
			isa = PBXGroup;
			children = (
				25C7C42C1CD674A700791035 /* MVVM.app */,
				25C7C4401CD674A700791035 /* MVVMTests.xctest */,
				25C7C44B1CD674A700791035 /* MVVMUITests.xctest */,
			);
			name = Products;
			sourceTree = "<group>";
		};
		25C7C42E1CD674A700791035 /* MVVM */ = {
			isa = PBXGroup;
			children = (
				25C7C42F1CD674A700791035 /* AppDelegate.swift */,
				25C7C4611CD67BD500791035 /* TableViewController.swift */,
				25C7C45D1CD674C600791035 /* Car.swift */,
				25C7C4331CD674A700791035 /* Main.storyboard */,
				25C7C4361CD674A700791035 /* Assets.xcassets */,
				25C7C4381CD674A700791035 /* LaunchScreen.storyboard */,
				25C7C43B1CD674A700791035 /* Info.plist */,
			);
			path = MVVM;
			sourceTree = "<group>";
		};
		25C7C4431CD674A700791035 /* MVVMTests */ = {
			isa = PBXGroup;
			children = (
				25C7C4441CD674A700791035 /* MVVMTests.swift */,
				25C7C4461CD674A700791035 /* Info.plist */,
			);
			path = MVVMTests;
			sourceTree = "<group>";
		};
		25C7C44E1CD674A700791035 /* MVVMUITests */ = {
			isa = PBXGroup;
			children = (
				25C7C44F1CD674A700791035 /* MVVMUITests.swift */,
				25C7C4511CD674A700791035 /* Info.plist */,
			);
			path = MVVMUITests;
			sourceTree = "<group>";
		};
		262FE544331189ED6757E0B5 /* Frameworks */ = {
			isa = PBXGroup;
			children = (
				BFE3A477FA7B5B90D490CCB5 /* Pods_MVVM.framework */,
				05D055BDB2640E9B8114F687 /* Pods_MVVMTests.framework */,
				0042873D9984449EC780ECEA /* Pods_MVVMUITests.framework */,
			);
			name = Frameworks;
			sourceTree = "<group>";
		};
		80E8C23477A6AC80EA9CAC21 /* Pods */ = {
			isa = PBXGroup;
			children = (
				BC757942F7CF9D3359F4718D /* Pods-MVVM.debug.xcconfig */,
				D4B62F42ABEEE3FBDC8DA672 /* Pods-MVVM.release.xcconfig */,
				62E8F545974C3E929DE0C30D /* Pods-MVVMTests.debug.xcconfig */,
				5C7EF583A988943B6C1B342E /* Pods-MVVMTests.release.xcconfig */,
				3DD15DB113EED08841DE12DA /* Pods-MVVMUITests.debug.xcconfig */,
				A4580FA2F77ABFCEAB9AA7B6 /* Pods-MVVMUITests.release.xcconfig */,
			);
			name = Pods;
			sourceTree = "<group>";
		};
/* End PBXGroup section */

/* Begin PBXNativeTarget section */
		25C7C42B1CD674A700791035 /* MVVM */ = {
			isa = PBXNativeTarget;
			buildConfigurationList = 25C7C4541CD674A700791035 /* Build configuration list for PBXNativeTarget "MVVM" */;
			buildPhases = (
				5231B8A2E9017A323B64C82B /* 📦 Check Pods Manifest.lock */,
				25C7C4281CD674A700791035 /* Sources */,
				25C7C4291CD674A700791035 /* Frameworks */,
				25C7C42A1CD674A700791035 /* Resources */,
				DB350124CC7E66F52DD4E598 /* 📦 Embed Pods Frameworks */,
				99AEC5D5E51AF5858A68311F /* 📦 Copy Pods Resources */,
			);
			buildRules = (
			);
			dependencies = (
			);
			name = MVVM;
			productName = MVVM;
			productReference = 25C7C42C1CD674A700791035 /* MVVM.app */;
			productType = "com.apple.product-type.application";
		};
		25C7C43F1CD674A700791035 /* MVVMTests */ = {
			isa = PBXNativeTarget;
			buildConfigurationList = 25C7C4571CD674A700791035 /* Build configuration list for PBXNativeTarget "MVVMTests" */;
			buildPhases = (
				BBE3A956C7B9CF7839A8BB31 /* 📦 Check Pods Manifest.lock */,
				25C7C43C1CD674A700791035 /* Sources */,
				25C7C43D1CD674A700791035 /* Frameworks */,
				25C7C43E1CD674A700791035 /* Resources */,
				F1674C43E3F7A348022B6074 /* 📦 Embed Pods Frameworks */,
				66515B729FABEE83EE0E3A27 /* 📦 Copy Pods Resources */,
			);
			buildRules = (
			);
			dependencies = (
				25C7C4421CD674A700791035 /* PBXTargetDependency */,
			);
			name = MVVMTests;
			productName = MVVMTests;
			productReference = 25C7C4401CD674A700791035 /* MVVMTests.xctest */;
			productType = "com.apple.product-type.bundle.unit-test";
		};
		25C7C44A1CD674A700791035 /* MVVMUITests */ = {
			isa = PBXNativeTarget;
			buildConfigurationList = 25C7C45A1CD674A700791035 /* Build configuration list for PBXNativeTarget "MVVMUITests" */;
			buildPhases = (
				AEDB446CA064693DBB69C4F5 /* 📦 Check Pods Manifest.lock */,
				25C7C4471CD674A700791035 /* Sources */,
				25C7C4481CD674A700791035 /* Frameworks */,
				25C7C4491CD674A700791035 /* Resources */,
				FADBFA76D54B26B372DB74C5 /* 📦 Copy Pods Resources */,
			);
			buildRules = (
			);
			dependencies = (
				25C7C44D1CD674A700791035 /* PBXTargetDependency */,
			);
			name = MVVMUITests;
			productName = MVVMUITests;
			productReference = 25C7C44B1CD674A700791035 /* MVVMUITests.xctest */;
			productType = "com.apple.product-type.bundle.ui-testing";
		};
/* End PBXNativeTarget section */

/* Begin PBXProject section */
		25C7C4241CD674A700791035 /* Project object */ = {
			isa = PBXProject;
			attributes = {
				LastSwiftUpdateCheck = 0730;
				LastUpgradeCheck = 0730;
				ORGANIZATIONNAME = "Jure Zove";
				TargetAttributes = {
					25C7C42B1CD674A700791035 = {
						CreatedOnToolsVersion = 7.3;
					};
					25C7C43F1CD674A700791035 = {
						CreatedOnToolsVersion = 7.3;
						TestTargetID = 25C7C42B1CD674A700791035;
					};
					25C7C44A1CD674A700791035 = {
						CreatedOnToolsVersion = 7.3;
						TestTargetID = 25C7C42B1CD674A700791035;
					};
				};
			};
			buildConfigurationList = 25C7C4271CD674A700791035 /* Build configuration list for PBXProject "MVVM" */;
			compatibilityVersion = "Xcode 3.2";
			developmentRegion = English;
			hasScannedForEncodings = 0;
			knownRegions = (
				en,
				Base,
			);
			mainGroup = 25C7C4231CD674A700791035;
			productRefGroup = 25C7C42D1CD674A700791035 /* Products */;
			projectDirPath = "";
			projectRoot = "";
			targets = (
				25C7C42B1CD674A700791035 /* MVVM */,
				25C7C43F1CD674A700791035 /* MVVMTests */,
				25C7C44A1CD674A700791035 /* MVVMUITests */,
			);
		};
/* End PBXProject section */

/* Begin PBXResourcesBuildPhase section */
		25C7C42A1CD674A700791035 /* Resources */ = {
			isa = PBXResourcesBuildPhase;
			buildActionMask = 2147483647;
			files = (
				25C7C43A1CD674A700791035 /* LaunchScreen.storyboard in Resources */,
				25C7C4371CD674A700791035 /* Assets.xcassets in Resources */,
				25C7C4351CD674A700791035 /* Main.storyboard in Resources */,
			);
			runOnlyForDeploymentPostprocessing = 0;
		};
		25C7C43E1CD674A700791035 /* Resources */ = {
			isa = PBXResourcesBuildPhase;
			buildActionMask = 2147483647;
			files = (
			);
			runOnlyForDeploymentPostprocessing = 0;
		};
		25C7C4491CD674A700791035 /* Resources */ = {
			isa = PBXResourcesBuildPhase;
			buildActionMask = 2147483647;
			files = (
			);
			runOnlyForDeploymentPostprocessing = 0;
		};
/* End PBXResourcesBuildPhase section */

/* Begin PBXShellScriptBuildPhase section */
		5231B8A2E9017A323B64C82B /* 📦 Check Pods Manifest.lock */ = {
			isa = PBXShellScriptBuildPhase;
			buildActionMask = 2147483647;
			files = (
			);
			inputPaths = (
			);
			name = "📦 Check Pods Manifest.lock";
			outputPaths = (
			);
			runOnlyForDeploymentPostprocessing = 0;
			shellPath = /bin/sh;
			shellScript = "diff \"${PODS_ROOT}/../Podfile.lock\" \"${PODS_ROOT}/Manifest.lock\" > /dev/null\nif [[ $? != 0 ]] ; then\n    cat << EOM\nerror: The sandbox is not in sync with the Podfile.lock. Run 'pod install' or update your CocoaPods installation.\nEOM\n    exit 1\nfi\n";
			showEnvVarsInLog = 0;
		};
		66515B729FABEE83EE0E3A27 /* 📦 Copy Pods Resources */ = {
			isa = PBXShellScriptBuildPhase;
			buildActionMask = 2147483647;
			files = (
			);
			inputPaths = (
			);
			name = "📦 Copy Pods Resources";
			outputPaths = (
			);
			runOnlyForDeploymentPostprocessing = 0;
			shellPath = /bin/sh;
			shellScript = "\"${SRCROOT}/Pods/Target Support Files/Pods-MVVMTests/Pods-MVVMTests-resources.sh\"\n";
			showEnvVarsInLog = 0;
		};
		99AEC5D5E51AF5858A68311F /* 📦 Copy Pods Resources */ = {
			isa = PBXShellScriptBuildPhase;
			buildActionMask = 2147483647;
			files = (
			);
			inputPaths = (
			);
			name = "📦 Copy Pods Resources";
			outputPaths = (
			);
			runOnlyForDeploymentPostprocessing = 0;
			shellPath = /bin/sh;
			shellScript = "\"${SRCROOT}/Pods/Target Support Files/Pods-MVVM/Pods-MVVM-resources.sh\"\n";
			showEnvVarsInLog = 0;
		};
		AEDB446CA064693DBB69C4F5 /* 📦 Check Pods Manifest.lock */ = {
			isa = PBXShellScriptBuildPhase;
			buildActionMask = 2147483647;
			files = (
			);
			inputPaths = (
			);
			name = "📦 Check Pods Manifest.lock";
			outputPaths = (
			);
			runOnlyForDeploymentPostprocessing = 0;
			shellPath = /bin/sh;
			shellScript = "diff \"${PODS_ROOT}/../Podfile.lock\" \"${PODS_ROOT}/Manifest.lock\" > /dev/null\nif [[ $? != 0 ]] ; then\n    cat << EOM\nerror: The sandbox is not in sync with the Podfile.lock. Run 'pod install' or update your CocoaPods installation.\nEOM\n    exit 1\nfi\n";
			showEnvVarsInLog = 0;
		};
		BBE3A956C7B9CF7839A8BB31 /* 📦 Check Pods Manifest.lock */ = {
			isa = PBXShellScriptBuildPhase;
			buildActionMask = 2147483647;
			files = (
			);
			inputPaths = (
			);
			name = "📦 Check Pods Manifest.lock";
			outputPaths = (
			);
			runOnlyForDeploymentPostprocessing = 0;
			shellPath = /bin/sh;
			shellScript = "diff \"${PODS_ROOT}/../Podfile.lock\" \"${PODS_ROOT}/Manifest.lock\" > /dev/null\nif [[ $? != 0 ]] ; then\n    cat << EOM\nerror: The sandbox is not in sync with the Podfile.lock. Run 'pod install' or update your CocoaPods installation.\nEOM\n    exit 1\nfi\n";
			showEnvVarsInLog = 0;
		};
		DB350124CC7E66F52DD4E598 /* 📦 Embed Pods Frameworks */ = {
			isa = PBXShellScriptBuildPhase;
			buildActionMask = 2147483647;
			files = (
			);
			inputPaths = (
			);
			name = "📦 Embed Pods Frameworks";
			outputPaths = (
			);
			runOnlyForDeploymentPostprocessing = 0;
			shellPath = /bin/sh;
			shellScript = "\"${SRCROOT}/Pods/Target Support Files/Pods-MVVM/Pods-MVVM-frameworks.sh\"\n";
			showEnvVarsInLog = 0;
		};
		F1674C43E3F7A348022B6074 /* 📦 Embed Pods Frameworks */ = {
			isa = PBXShellScriptBuildPhase;
			buildActionMask = 2147483647;
			files = (
			);
			inputPaths = (
			);
			name = "📦 Embed Pods Frameworks";
			outputPaths = (
			);
			runOnlyForDeploymentPostprocessing = 0;
			shellPath = /bin/sh;
			shellScript = "\"${SRCROOT}/Pods/Target Support Files/Pods-MVVMTests/Pods-MVVMTests-frameworks.sh\"\n";
			showEnvVarsInLog = 0;
		};
		FADBFA76D54B26B372DB74C5 /* 📦 Copy Pods Resources */ = {
			isa = PBXShellScriptBuildPhase;
			buildActionMask = 2147483647;
			files = (
			);
			inputPaths = (
			);
			name = "📦 Copy Pods Resources";
			outputPaths = (
			);
			runOnlyForDeploymentPostprocessing = 0;
			shellPath = /bin/sh;
			shellScript = "\"${SRCROOT}/Pods/Target Support Files/Pods-MVVMUITests/Pods-MVVMUITests-resources.sh\"\n";
			showEnvVarsInLog = 0;
		};
/* End PBXShellScriptBuildPhase section */

/* Begin PBXSourcesBuildPhase section */
		25C7C4281CD674A700791035 /* Sources */ = {
			isa = PBXSourcesBuildPhase;
			buildActionMask = 2147483647;
			files = (
				25C7C4301CD674A700791035 /* AppDelegate.swift in Sources */,
				25C7C45E1CD674C600791035 /* Car.swift in Sources */,
				25C7C4621CD67BD500791035 /* TableViewController.swift in Sources */,
			);
			runOnlyForDeploymentPostprocessing = 0;
		};
		25C7C43C1CD674A700791035 /* Sources */ = {
			isa = PBXSourcesBuildPhase;
			buildActionMask = 2147483647;
			files = (
				25C7C4671CD73C8500791035 /* AppDelegate.swift in Sources */,
				25C7C45F1CD674C600791035 /* Car.swift in Sources */,
				25C7C4631CD67BD500791035 /* TableViewController.swift in Sources */,
				25C7C4451CD674A700791035 /* MVVMTests.swift in Sources */,
			);
			runOnlyForDeploymentPostprocessing = 0;
		};
		25C7C4471CD674A700791035 /* Sources */ = {
			isa = PBXSourcesBuildPhase;
			buildActionMask = 2147483647;
			files = (
				25C7C4661CD73C7D00791035 /* AppDelegate.swift in Sources */,
				25C7C4601CD674C600791035 /* Car.swift in Sources */,
				25C7C4641CD67BD500791035 /* TableViewController.swift in Sources */,
				25C7C4501CD674A700791035 /* MVVMUITests.swift in Sources */,
			);
			runOnlyForDeploymentPostprocessing = 0;
		};
/* End PBXSourcesBuildPhase section */

/* Begin PBXTargetDependency section */
		25C7C4421CD674A700791035 /* PBXTargetDependency */ = {
			isa = PBXTargetDependency;
			target = 25C7C42B1CD674A700791035 /* MVVM */;
			targetProxy = 25C7C4411CD674A700791035 /* PBXContainerItemProxy */;
		};
		25C7C44D1CD674A700791035 /* PBXTargetDependency */ = {
			isa = PBXTargetDependency;
			target = 25C7C42B1CD674A700791035 /* MVVM */;
			targetProxy = 25C7C44C1CD674A700791035 /* PBXContainerItemProxy */;
		};
/* End PBXTargetDependency section */

/* Begin PBXVariantGroup section */
		25C7C4331CD674A700791035 /* Main.storyboard */ = {
			isa = PBXVariantGroup;
			children = (
				25C7C4341CD674A700791035 /* Base */,
			);
			name = Main.storyboard;
			sourceTree = "<group>";
		};
		25C7C4381CD674A700791035 /* LaunchScreen.storyboard */ = {
			isa = PBXVariantGroup;
			children = (
				25C7C4391CD674A700791035 /* Base */,
			);
			name = LaunchScreen.storyboard;
			sourceTree = "<group>";
		};
/* End PBXVariantGroup section */

/* Begin XCBuildConfiguration section */
		25C7C4521CD674A700791035 /* Debug */ = {
			isa = XCBuildConfiguration;
			buildSettings = {
				ALWAYS_SEARCH_USER_PATHS = NO;
				CLANG_ANALYZER_NONNULL = YES;
				CLANG_CXX_LANGUAGE_STANDARD = "gnu++0x";
				CLANG_CXX_LIBRARY = "libc++";
				CLANG_ENABLE_MODULES = YES;
				CLANG_ENABLE_OBJC_ARC = YES;
				CLANG_WARN_BOOL_CONVERSION = YES;
				CLANG_WARN_CONSTANT_CONVERSION = YES;
				CLANG_WARN_DIRECT_OBJC_ISA_USAGE = YES_ERROR;
				CLANG_WARN_EMPTY_BODY = YES;
				CLANG_WARN_ENUM_CONVERSION = YES;
				CLANG_WARN_INT_CONVERSION = YES;
				CLANG_WARN_OBJC_ROOT_CLASS = YES_ERROR;
				CLANG_WARN_UNREACHABLE_CODE = YES;
				CLANG_WARN__DUPLICATE_METHOD_MATCH = YES;
				"CODE_SIGN_IDENTITY[sdk=iphoneos*]" = "iPhone Developer";
				COPY_PHASE_STRIP = NO;
				DEBUG_INFORMATION_FORMAT = dwarf;
				ENABLE_STRICT_OBJC_MSGSEND = YES;
				ENABLE_TESTABILITY = YES;
				GCC_C_LANGUAGE_STANDARD = gnu99;
				GCC_DYNAMIC_NO_PIC = NO;
				GCC_NO_COMMON_BLOCKS = YES;
				GCC_OPTIMIZATION_LEVEL = 0;
				GCC_PREPROCESSOR_DEFINITIONS = (
					"DEBUG=1",
					"$(inherited)",
				);
				GCC_WARN_64_TO_32_BIT_CONVERSION = YES;
				GCC_WARN_ABOUT_RETURN_TYPE = YES_ERROR;
				GCC_WARN_UNDECLARED_SELECTOR = YES;
				GCC_WARN_UNINITIALIZED_AUTOS = YES_AGGRESSIVE;
				GCC_WARN_UNUSED_FUNCTION = YES;
				GCC_WARN_UNUSED_VARIABLE = YES;
				IPHONEOS_DEPLOYMENT_TARGET = 9.3;
				MTL_ENABLE_DEBUG_INFO = YES;
				ONLY_ACTIVE_ARCH = YES;
				SDKROOT = iphoneos;
				SWIFT_OPTIMIZATION_LEVEL = "-Onone";
			};
			name = Debug;
		};
		25C7C4531CD674A700791035 /* Release */ = {
			isa = XCBuildConfiguration;
			buildSettings = {
				ALWAYS_SEARCH_USER_PATHS = NO;
				CLANG_ANALYZER_NONNULL = YES;
				CLANG_CXX_LANGUAGE_STANDARD = "gnu++0x";
				CLANG_CXX_LIBRARY = "libc++";
				CLANG_ENABLE_MODULES = YES;
				CLANG_ENABLE_OBJC_ARC = YES;
				CLANG_WARN_BOOL_CONVERSION = YES;
				CLANG_WARN_CONSTANT_CONVERSION = YES;
				CLANG_WARN_DIRECT_OBJC_ISA_USAGE = YES_ERROR;
				CLANG_WARN_EMPTY_BODY = YES;
				CLANG_WARN_ENUM_CONVERSION = YES;
				CLANG_WARN_INT_CONVERSION = YES;
				CLANG_WARN_OBJC_ROOT_CLASS = YES_ERROR;
				CLANG_WARN_UNREACHABLE_CODE = YES;
				CLANG_WARN__DUPLICATE_METHOD_MATCH = YES;
				"CODE_SIGN_IDENTITY[sdk=iphoneos*]" = "iPhone Developer";
				COPY_PHASE_STRIP = NO;
				DEBUG_INFORMATION_FORMAT = "dwarf-with-dsym";
				ENABLE_NS_ASSERTIONS = NO;
				ENABLE_STRICT_OBJC_MSGSEND = YES;
				GCC_C_LANGUAGE_STANDARD = gnu99;
				GCC_NO_COMMON_BLOCKS = YES;
				GCC_WARN_64_TO_32_BIT_CONVERSION = YES;
				GCC_WARN_ABOUT_RETURN_TYPE = YES_ERROR;
				GCC_WARN_UNDECLARED_SELECTOR = YES;
				GCC_WARN_UNINITIALIZED_AUTOS = YES_AGGRESSIVE;
				GCC_WARN_UNUSED_FUNCTION = YES;
				GCC_WARN_UNUSED_VARIABLE = YES;
				IPHONEOS_DEPLOYMENT_TARGET = 9.3;
				MTL_ENABLE_DEBUG_INFO = NO;
				SDKROOT = iphoneos;
				VALIDATE_PRODUCT = YES;
			};
			name = Release;
		};
		25C7C4551CD674A700791035 /* Debug */ = {
			isa = XCBuildConfiguration;
			baseConfigurationReference = BC757942F7CF9D3359F4718D /* Pods-MVVM.debug.xcconfig */;
			buildSettings = {
				ASSETCATALOG_COMPILER_APPICON_NAME = AppIcon;
				INFOPLIST_FILE = MVVM/Info.plist;
				LD_RUNPATH_SEARCH_PATHS = "$(inherited) @executable_path/Frameworks";
				PRODUCT_BUNDLE_IDENTIFIER = io.candycode.MVVM;
				PRODUCT_NAME = "$(TARGET_NAME)";
			};
			name = Debug;
		};
		25C7C4561CD674A700791035 /* Release */ = {
			isa = XCBuildConfiguration;
			baseConfigurationReference = D4B62F42ABEEE3FBDC8DA672 /* Pods-MVVM.release.xcconfig */;
			buildSettings = {
				ASSETCATALOG_COMPILER_APPICON_NAME = AppIcon;
				INFOPLIST_FILE = MVVM/Info.plist;
				LD_RUNPATH_SEARCH_PATHS = "$(inherited) @executable_path/Frameworks";
				PRODUCT_BUNDLE_IDENTIFIER = io.candycode.MVVM;
				PRODUCT_NAME = "$(TARGET_NAME)";
			};
			name = Release;
		};
		25C7C4581CD674A700791035 /* Debug */ = {
			isa = XCBuildConfiguration;
			baseConfigurationReference = 62E8F545974C3E929DE0C30D /* Pods-MVVMTests.debug.xcconfig */;
			buildSettings = {
				BUNDLE_LOADER = "$(TEST_HOST)";
				INFOPLIST_FILE = MVVMTests/Info.plist;
				LD_RUNPATH_SEARCH_PATHS = "$(inherited) @executable_path/Frameworks @loader_path/Frameworks";
				PRODUCT_BUNDLE_IDENTIFIER = io.candycode.MVVMTests;
				PRODUCT_NAME = "$(TARGET_NAME)";
				TEST_HOST = "$(BUILT_PRODUCTS_DIR)/MVVM.app/MVVM";
			};
			name = Debug;
		};
		25C7C4591CD674A700791035 /* Release */ = {
			isa = XCBuildConfiguration;
			baseConfigurationReference = 5C7EF583A988943B6C1B342E /* Pods-MVVMTests.release.xcconfig */;
			buildSettings = {
				BUNDLE_LOADER = "$(TEST_HOST)";
				INFOPLIST_FILE = MVVMTests/Info.plist;
				LD_RUNPATH_SEARCH_PATHS = "$(inherited) @executable_path/Frameworks @loader_path/Frameworks";
				PRODUCT_BUNDLE_IDENTIFIER = io.candycode.MVVMTests;
				PRODUCT_NAME = "$(TARGET_NAME)";
				TEST_HOST = "$(BUILT_PRODUCTS_DIR)/MVVM.app/MVVM";
			};
			name = Release;
		};
		25C7C45B1CD674A700791035 /* Debug */ = {
			isa = XCBuildConfiguration;
			baseConfigurationReference = 3DD15DB113EED08841DE12DA /* Pods-MVVMUITests.debug.xcconfig */;
			buildSettings = {
				INFOPLIST_FILE = MVVMUITests/Info.plist;
				LD_RUNPATH_SEARCH_PATHS = "$(inherited) @executable_path/Frameworks @loader_path/Frameworks";
				PRODUCT_BUNDLE_IDENTIFIER = io.candycode.MVVMUITests;
				PRODUCT_NAME = "$(TARGET_NAME)";
				TEST_TARGET_NAME = MVVM;
			};
			name = Debug;
		};
		25C7C45C1CD674A700791035 /* Release */ = {
			isa = XCBuildConfiguration;
			baseConfigurationReference = A4580FA2F77ABFCEAB9AA7B6 /* Pods-MVVMUITests.release.xcconfig */;
			buildSettings = {
				INFOPLIST_FILE = MVVMUITests/Info.plist;
				LD_RUNPATH_SEARCH_PATHS = "$(inherited) @executable_path/Frameworks @loader_path/Frameworks";
				PRODUCT_BUNDLE_IDENTIFIER = io.candycode.MVVMUITests;
				PRODUCT_NAME = "$(TARGET_NAME)";
				TEST_TARGET_NAME = MVVM;
			};
			name = Release;
		};
/* End XCBuildConfiguration section */

/* Begin XCConfigurationList section */
		25C7C4271CD674A700791035 /* Build configuration list for PBXProject "MVVM" */ = {
			isa = XCConfigurationList;
			buildConfigurations = (
				25C7C4521CD674A700791035 /* Debug */,
				25C7C4531CD674A700791035 /* Release */,
			);
			defaultConfigurationIsVisible = 0;
			defaultConfigurationName = Release;
		};
		25C7C4541CD674A700791035 /* Build configuration list for PBXNativeTarget "MVVM" */ = {
			isa = XCConfigurationList;
			buildConfigurations = (
				25C7C4551CD674A700791035 /* Debug */,
				25C7C4561CD674A700791035 /* Release */,
			);
			defaultConfigurationIsVisible = 0;
			defaultConfigurationName = Release;
		};
		25C7C4571CD674A700791035 /* Build configuration list for PBXNativeTarget "MVVMTests" */ = {
			isa = XCConfigurationList;
			buildConfigurations = (
				25C7C4581CD674A700791035 /* Debug */,
				25C7C4591CD674A700791035 /* Release */,
			);
			defaultConfigurationIsVisible = 0;
			defaultConfigurationName = Release;
		};
		25C7C45A1CD674A700791035 /* Build configuration list for PBXNativeTarget "MVVMUITests" */ = {
			isa = XCConfigurationList;
			buildConfigurations = (
				25C7C45B1CD674A700791035 /* Debug */,
				25C7C45C1CD674A700791035 /* Release */,
			);
			defaultConfigurationIsVisible = 0;
			defaultConfigurationName = Release;
		};
/* End XCConfigurationList section */
	};
	rootObject = 25C7C4241CD674A700791035 /* Project object */;
}
